# THIS IS AN AUTOGENERATED FILE. DO NOT EDIT THIS FILE DIRECTLY.
# yarn lockfile v1


"@types/debug@^4.1.0":
  version "4.1.5"
  resolved "https://registry.yarnpkg.com/@types/debug/-/debug-4.1.5.tgz#b14efa8852b7768d898906613c23f688713e02cd"
  integrity sha512-Q1y515GcOdTHgagaVFhHnIFQ38ygs/kmxdNpvpou+raI9UO3YZcHDngBSYKQklcKlvA7iuQlmIKbzvmxcOE9CQ==

"@types/node@*":
  version "13.1.1"
  resolved "https://registry.yarnpkg.com/@types/node/-/node-13.1.1.tgz#6d11a8c2d58405b3db9388ab740106cbfa64c3c9"
  integrity sha512-hx6zWtudh3Arsbl3cXay+JnkvVgCKzCWKv42C9J01N2T2np4h8w5X8u6Tpz5mj38kE3M9FM0Pazx8vKFFMnjLQ==

"@types/node@^12.12.22":
  version "12.12.22"
  resolved "https://registry.yarnpkg.com/@types/node/-/node-12.12.22.tgz#b8d9eae3328b96910a373cf06ac8d3c5abe9c200"
  integrity sha512-r5i93jqbPWGXYXxianGATOxTelkp6ih/U0WVnvaqAvTqM+0U6J3kw6Xk6uq/dWNRkEVw/0SLcO5ORXbVNz4FMQ==

"@types/puppeteer-core@^2.0.0":
  version "2.0.0"
  resolved "https://registry.yarnpkg.com/@types/puppeteer-core/-/puppeteer-core-2.0.0.tgz#3b7fbbac53d56b566f5ef096116e1d60d504aa45"
  integrity sha512-JvoEb7KgEkUet009ZDrtpUER3hheXoHgQByuYpJZ5WWT7LWwMH+0NTqGQXGgoOKzs+G5NA1T4DZwXK79Bhnejw==
  dependencies:
    "@types/puppeteer" "*"

"@types/puppeteer@*", "@types/puppeteer@^2.0.0":
  version "2.0.0"
  resolved "https://registry.yarnpkg.com/@types/puppeteer/-/puppeteer-2.0.0.tgz#82c04f93367e2d3396e371a71be1167332148838"
  integrity sha512-QPHXIcaPcijMbvizoM7PRL97Rm+aM8J2DmgTz2tt79b15PqbyeaCppYonvPLHQ/Q5ea92BUHDpv4bsqtiTy8kQ==
  dependencies:
    "@types/node" "*"

"@types/tough-cookie@^2.3.3", "@types/tough-cookie@^2.3.6":
  version "2.3.6"
  resolved "https://registry.yarnpkg.com/@types/tough-cookie/-/tough-cookie-2.3.6.tgz#c880579e087d7a0db13777ff8af689f4ffc7b0d5"
  integrity sha512-wHNBMnkoEBiRAd3s8KTKwIuO9biFtTf0LehITzBhSco+HQI0xkXZbLOD55SW3Aqw3oUkHstkm5SPv58yaAdFPQ==

"@types/which@^1.3.2":
  version "1.3.2"
  resolved "https://registry.yarnpkg.com/@types/which/-/which-1.3.2.tgz#9c246fc0c93ded311c8512df2891fb41f6227fdf"
  integrity sha512-8oDqyLC7eD4HM307boe2QWKyuzdzWBj56xI/imSl2cpL+U3tCMaTAkMJ4ee5JBZ/FsOJlvRGeIShiZDAl1qERA==

agent-base@^4.3.0:
  version "4.3.0"
  resolved "https://registry.yarnpkg.com/agent-base/-/agent-base-4.3.0.tgz#8165f01c436009bccad0b1d122f05ed770efc6ee"
  integrity sha512-salcGninV0nPrwpGNn4VTXBb1SOuXQBiqbrNXoeizJsHrsL6ERFM2Ne3JUSBWRE6aeNJI2ROP/WEEIDUiDe3cg==
  dependencies:
    es6-promisify "^5.0.0"

arr-union@^3.1.0:
  version "3.1.0"
  resolved "https://registry.yarnpkg.com/arr-union/-/arr-union-3.1.0.tgz#e39b09aea9def866a8f206e288af63919bae39c4"
  integrity sha1-45sJrqne+Gao8gbiiK9jkZuuOcQ=

async-limiter@~1.0.0:
  version "1.0.1"
  resolved "https://registry.yarnpkg.com/async-limiter/-/async-limiter-1.0.1.tgz#dd379e94f0db8310b08291f9d64c3209766617fd"
  integrity sha512-csOlWGAcRFJaI6m+F2WKdnMKr4HhdhFVBk0H/QbJFMCr+uO2kwohwXQPxw/9OCxp05r5ghVBFSyioixx3gfkNQ==

axios-cookiejar-support@^0.5.1:
  version "0.5.1"
  resolved "https://registry.yarnpkg.com/axios-cookiejar-support/-/axios-cookiejar-support-0.5.1.tgz#0622c2849cefbaf8424a50b630283231b62fc277"
  integrity sha512-mmMbNDjpkAKlyxVOYjkpvV6rDRoSjBXwHbfkWvnsplRTGYCergbHvZInRB1G3lqumllUQwo0A4uPoqEsYfzq3A==
  dependencies:
    "@types/tough-cookie" "^2.3.3"
    is-redirect "^1.0.0"
    pify "^4.0.0"
    tough-cookie "^3.0.1"

axios@^0.19.0:
  version "0.19.0"
  resolved "https://registry.yarnpkg.com/axios/-/axios-0.19.0.tgz#8e09bff3d9122e133f7b8101c8fbdd00ed3d2ab8"
  integrity sha512-1uvKqKQta3KBxIz14F2v06AEHZ/dIoeKfbTRkK1E5oqjDnuEerLmYTgJB5AiQZHJcljpg1TuRzdjDR06qNk0DQ==
  dependencies:
    follow-redirects "1.5.10"
    is-buffer "^2.0.2"

balanced-match@^1.0.0:
  version "1.0.0"
  resolved "https://registry.yarnpkg.com/balanced-match/-/balanced-match-1.0.0.tgz#89b4d199ab2bee49de164ea02b89ce462d71b767"
  integrity sha1-ibTRmasr7kneFk6gK4nORi1xt2c=

brace-expansion@^1.1.7:
  version "1.1.11"
  resolved "https://registry.yarnpkg.com/brace-expansion/-/brace-expansion-1.1.11.tgz#3c7fcbf529d87226f3d2f52b966ff5271eb441dd"
  integrity sha512-iCuPHDFgrHX7H2vEI/5xpz07zSHB00TpugqhmYtVmMO6518mCuRMoOYFldEBl0g187ufozdaHgWKcYFb61qGiA==
  dependencies:
    balanced-match "^1.0.0"
    concat-map "0.0.1"

buffer-from@^1.0.0:
  version "1.1.1"
  resolved "https://registry.yarnpkg.com/buffer-from/-/buffer-from-1.1.1.tgz#32713bc028f75c02fdb710d7c7bcec1f2c6070ef"
  integrity sha512-MQcXEUbCKtEo7bhqEs6560Hyd4XaovZlO/k9V3hjVUF/zwW7KBVdSK4gIt/bzwS9MbR5qob+F5jusZsb0YQK2A==

clone-deep@^0.2.4:
  version "0.2.4"
  resolved "https://registry.yarnpkg.com/clone-deep/-/clone-deep-0.2.4.tgz#4e73dd09e9fb971cc38670c5dced9c1896481cc6"
  integrity sha1-TnPdCen7lxzDhnDF3O2cGJZIHMY=
  dependencies:
    for-own "^0.1.3"
    is-plain-object "^2.0.1"
    kind-of "^3.0.2"
    lazy-cache "^1.0.3"
    shallow-clone "^0.1.2"

concat-map@0.0.1:
  version "0.0.1"
  resolved "https://registry.yarnpkg.com/concat-map/-/concat-map-0.0.1.tgz#d8a96bd77fd68df7793a73036a3ba0d5405d477b"
  integrity sha1-2Klr13/Wjfd5OnMDajug1UBdR3s=

concat-stream@1.6.2:
  version "1.6.2"
  resolved "https://registry.yarnpkg.com/concat-stream/-/concat-stream-1.6.2.tgz#904bdf194cd3122fc675c77fc4ac3d4ff0fd1a34"
  integrity sha512-27HBghJxjiZtIk3Ycvn/4kbJk/1uZuJFfuPEns6LaEvpvG1f0hTea8lilrouyo9mVc2GWdcEZ8OLoGmSADlrCw==
  dependencies:
    buffer-from "^1.0.0"
    inherits "^2.0.3"
    readable-stream "^2.2.2"
    typedarray "^0.0.6"

core-util-is@~1.0.0:
  version "1.0.2"
  resolved "https://registry.yarnpkg.com/core-util-is/-/core-util-is-1.0.2.tgz#b5fd54220aa2bc5ab57aab7140c940754503c1a7"
  integrity sha1-tf1UIgqivFq1eqtxQMlAdUUDwac=

debug@2.6.9:
  version "2.6.9"
  resolved "https://registry.yarnpkg.com/debug/-/debug-2.6.9.tgz#5d128515df134ff327e90a4c93f4e077a536341f"
  integrity sha512-bC7ElrdJaJnPbAP+1EotYvqZsb3ecl5wi6Bfi6BJTUcNowp6cvspg0jXznRTKDjm/E7AdgFBVeAPVMNcKGsHMA==
  dependencies:
    ms "2.0.0"

debug@=3.1.0:
  version "3.1.0"
  resolved "https://registry.yarnpkg.com/debug/-/debug-3.1.0.tgz#5bb5a0672628b64149566ba16819e61518c67261"
  integrity sha512-OX8XqP7/1a9cqkxYw2yXss15f26NKWBpDXQd0/uK/KPqdQhxbPa994hnzjcE2VqQpDslf55723cKPUOGSmMY3g==
  dependencies:
    ms "2.0.0"

debug@^3.1.0:
  version "3.2.6"
  resolved "https://registry.yarnpkg.com/debug/-/debug-3.2.6.tgz#e83d17de16d8a7efb7717edbe5fb10135eee629b"
  integrity sha512-mel+jf7nrtEl5Pn1Qx46zARXKDpBbvzezse7p7LqINmdoIk8PYP5SySaxEmYv6TZ0JyEKA1hsCId6DIhgITtWQ==
  dependencies:
    ms "^2.1.1"

debug@^4.1.0, debug@^4.1.1:
  version "4.1.1"
  resolved "https://registry.yarnpkg.com/debug/-/debug-4.1.1.tgz#3b72260255109c6b589cee050f1d516139664791"
  integrity sha512-pYAIzeRo8J6KPEaJ0VWOh5Pzkbw/RetuzehGM7QRRX5he4fPHx2rdKMB256ehJCkX+XRQm16eZLqLNS8RSZXZw==
  dependencies:
    ms "^2.1.1"

deepmerge@^4.2.2:
  version "4.2.2"
  resolved "https://registry.yarnpkg.com/deepmerge/-/deepmerge-4.2.2.tgz#44d2ea3679b8f4d4ffba33f03d865fc1e7bf4955"
  integrity sha512-FJ3UgI4gIl+PHZm53knsuSFpE+nESMr7M4v9QcgB7S63Kj/6WqMiFQJpBBYz1Pt+66bZpP3Q7Lye0Oo9MPKEdg==

es6-promise@^4.0.3:
  version "4.2.8"
  resolved "https://registry.yarnpkg.com/es6-promise/-/es6-promise-4.2.8.tgz#4eb21594c972bc40553d276e510539143db53e0a"
  integrity sha512-HJDGx5daxeIvxdBxvG2cb9g4tEvwIk3i8+nhX0yGrYmZUzbkdg8QbDevheDB8gd0//uPj4c1EQua8Q+MViT0/w==

es6-promisify@^5.0.0:
  version "5.0.0"
  resolved "https://registry.yarnpkg.com/es6-promisify/-/es6-promisify-5.0.0.tgz#5109d62f3e56ea967c4b63505aef08291c8a5203"
  integrity sha1-UQnWLz5W6pZ8S2NQWu8IKRyKUgM=
  dependencies:
    es6-promise "^4.0.3"

extract-zip@^1.6.6:
  version "1.6.7"
  resolved "https://registry.yarnpkg.com/extract-zip/-/extract-zip-1.6.7.tgz#a840b4b8af6403264c8db57f4f1a74333ef81fe9"
  integrity sha1-qEC0uK9kAyZMjbV/Txp0Mz74H+k=
  dependencies:
    concat-stream "1.6.2"
    debug "2.6.9"
    mkdirp "0.5.1"
    yauzl "2.4.1"

fd-slicer@~1.0.1:
  version "1.0.1"
  resolved "https://registry.yarnpkg.com/fd-slicer/-/fd-slicer-1.0.1.tgz#8b5bcbd9ec327c5041bf9ab023fd6750f1177e65"
  integrity sha1-i1vL2ewyfFBBv5qwI/1nUPEXfmU=
  dependencies:
    pend "~1.2.0"

follow-redirects@1.5.10:
  version "1.5.10"
  resolved "https://registry.yarnpkg.com/follow-redirects/-/follow-redirects-1.5.10.tgz#7b7a9f9aea2fdff36786a94ff643ed07f4ff5e2a"
  integrity sha512-0V5l4Cizzvqt5D44aTXbFZz+FtyXV1vrDN6qrelxtfYQKW0KO0W2T/hkE8xvGa/540LkZlkaUjO4ailYTFtHVQ==
  dependencies:
    debug "=3.1.0"

for-in@^0.1.3:
  version "0.1.8"
  resolved "https://registry.yarnpkg.com/for-in/-/for-in-0.1.8.tgz#d8773908e31256109952b1fdb9b3fa867d2775e1"
  integrity sha1-2Hc5COMSVhCZUrH9ubP6hn0ndeE=

for-in@^1.0.1:
  version "1.0.2"
  resolved "https://registry.yarnpkg.com/for-in/-/for-in-1.0.2.tgz#81068d295a8142ec0ac726c6e2200c30fb6d5e80"
  integrity sha1-gQaNKVqBQuwKxybG4iAMMPttXoA=

for-own@^0.1.3:
  version "0.1.5"
  resolved "https://registry.yarnpkg.com/for-own/-/for-own-0.1.5.tgz#5265c681a4f294dabbf17c9509b6763aa84510ce"
  integrity sha1-UmXGgaTylNq78XyVCbZ2OqhFEM4=
  dependencies:
    for-in "^1.0.1"

fs.realpath@^1.0.0:
  version "1.0.0"
  resolved "https://registry.yarnpkg.com/fs.realpath/-/fs.realpath-1.0.0.tgz#1504ad2523158caa40db4a2787cb01411994ea4f"
  integrity sha1-FQStJSMVjKpA20onh8sBQRmU6k8=

glob@^7.1.3:
  version "7.1.6"
  resolved "https://registry.yarnpkg.com/glob/-/glob-7.1.6.tgz#141f33b81a7c2492e125594307480c46679278a6"
  integrity sha512-LwaxwyZ72Lk7vZINtNNrywX0ZuLyStrdDtabefZKAY5ZGJhVtgdznluResxNmPitE0SAO+O26sWTHeKSI2wMBA==
  dependencies:
    fs.realpath "^1.0.0"
    inflight "^1.0.4"
    inherits "2"
    minimatch "^3.0.4"
    once "^1.3.0"
    path-is-absolute "^1.0.0"

https-proxy-agent@^3.0.0:
  version "3.0.1"
  resolved "https://registry.yarnpkg.com/https-proxy-agent/-/https-proxy-agent-3.0.1.tgz#b8c286433e87602311b01c8ea34413d856a4af81"
  integrity sha512-+ML2Rbh6DAuee7d07tYGEKOEi2voWPUGan+ExdPbPW6Z3svq+JCqr0v8WmKPOkz1vOVykPCBSuobe7G8GJUtVg==
  dependencies:
    agent-base "^4.3.0"
    debug "^3.1.0"

inflight@^1.0.4:
  version "1.0.6"
  resolved "https://registry.yarnpkg.com/inflight/-/inflight-1.0.6.tgz#49bd6331d7d02d0c09bc910a1075ba8165b56df9"
  integrity sha1-Sb1jMdfQLQwJvJEKEHW6gWW1bfk=
  dependencies:
    once "^1.3.0"
    wrappy "1"

inherits@2, inherits@^2.0.3, inherits@~2.0.3:
  version "2.0.4"
  resolved "https://registry.yarnpkg.com/inherits/-/inherits-2.0.4.tgz#0fa2c64f932917c3433a0ded55363aae37416b7c"
  integrity sha512-k/vGaX4/Yla3WzyMCvTQOXYeIHvqOKtnqBduzTHpzpQZzAskKMhZ2K+EnBiSM9zGSoIFeMpXKxa4dYeZIQqewQ==

ip-regex@^2.1.0:
  version "2.1.0"
  resolved "https://registry.yarnpkg.com/ip-regex/-/ip-regex-2.1.0.tgz#fa78bf5d2e6913c911ce9f819ee5146bb6d844e9"
  integrity sha1-+ni/XS5pE8kRzp+BnuUUa7bYROk=

is-buffer@^1.0.2, is-buffer@^1.1.5:
  version "1.1.6"
  resolved "https://registry.yarnpkg.com/is-buffer/-/is-buffer-1.1.6.tgz#efaa2ea9daa0d7ab2ea13a97b2b8ad51fefbe8be"
  integrity sha512-NcdALwpXkTm5Zvvbk7owOUSvVvBKDgKP5/ewfXEznmQFfs4ZRmanOeKBTjRVjka3QFoN6XJ+9F3USqfHqTaU5w==

is-buffer@^2.0.2:
  version "2.0.4"
  resolved "https://registry.yarnpkg.com/is-buffer/-/is-buffer-2.0.4.tgz#3e572f23c8411a5cfd9557c849e3665e0b290623"
  integrity sha512-Kq1rokWXOPXWuaMAqZiJW4XxsmD9zGx9q4aePabbn3qCRGedtH7Cm+zV8WETitMfu1wdh+Rvd6w5egwSngUX2A==

is-extendable@^0.1.1:
  version "0.1.1"
  resolved "https://registry.yarnpkg.com/is-extendable/-/is-extendable-0.1.1.tgz#62b110e289a471418e3ec36a617d472e301dfc89"
  integrity sha1-YrEQ4omkcUGOPsNqYX1HLjAd/Ik=

is-plain-object@^2.0.1:
  version "2.0.4"
  resolved "https://registry.yarnpkg.com/is-plain-object/-/is-plain-object-2.0.4.tgz#2c163b3fafb1b606d9d17928f05c2a1c38e07677"
  integrity sha512-h5PpgXkWitc38BBMYawTYMWJHFZJVnBquFE57xFpjB8pJFiF6gZ+bU+WyI/yqXiFR5mdLsgYNaPe8uao6Uv9Og==
  dependencies:
    isobject "^3.0.1"

is-redirect@^1.0.0:
  version "1.0.0"
  resolved "https://registry.yarnpkg.com/is-redirect/-/is-redirect-1.0.0.tgz#1d03dded53bd8db0f30c26e4f95d36fc7c87dc24"
  integrity sha1-HQPd7VO9jbDzDCbk+V02/HyH3CQ=

isarray@~1.0.0:
  version "1.0.0"
  resolved "https://registry.yarnpkg.com/isarray/-/isarray-1.0.0.tgz#bb935d48582cba168c06834957a54a3e07124f11"
  integrity sha1-u5NdSFgsuhaMBoNJV6VKPgcSTxE=

isexe@^2.0.0:
  version "2.0.0"
  resolved "https://registry.yarnpkg.com/isexe/-/isexe-2.0.0.tgz#e8fbf374dc556ff8947a10dcb0572d633f2cfa10"
  integrity sha1-6PvzdNxVb/iUehDcsFctYz8s+hA=

isobject@^3.0.1:
  version "3.0.1"
  resolved "https://registry.yarnpkg.com/isobject/-/isobject-3.0.1.tgz#4e431e92b11a9731636aa1f9c8d1ccbcfdab78df"
  integrity sha1-TkMekrEalzFjaqH5yNHMvP2reN8=

kind-of@^2.0.1:
  version "2.0.1"
  resolved "https://registry.yarnpkg.com/kind-of/-/kind-of-2.0.1.tgz#018ec7a4ce7e3a86cb9141be519d24c8faa981b5"
  integrity sha1-AY7HpM5+OobLkUG+UZ0kyPqpgbU=
  dependencies:
    is-buffer "^1.0.2"

kind-of@^3.0.2:
  version "3.2.2"
  resolved "https://registry.yarnpkg.com/kind-of/-/kind-of-3.2.2.tgz#31ea21a734bab9bbb0f32466d893aea51e4a3c64"
  integrity sha1-MeohpzS6ubuw8yRm2JOupR5KPGQ=
  dependencies:
    is-buffer "^1.1.5"

lazy-cache@^0.2.3:
  version "0.2.7"
  resolved "https://registry.yarnpkg.com/lazy-cache/-/lazy-cache-0.2.7.tgz#7feddf2dcb6edb77d11ef1d117ab5ffdf0ab1b65"
  integrity sha1-f+3fLctu23fRHvHRF6tf/fCrG2U=

lazy-cache@^1.0.3:
  version "1.0.4"
  resolved "https://registry.yarnpkg.com/lazy-cache/-/lazy-cache-1.0.4.tgz#a1d78fc3a50474cb80845d3b3b6e1da49a446e8e"
  integrity sha1-odePw6UEdMuAhF07O24dpJpEbo4=

merge-deep@^3.0.1:
  version "3.0.2"
  resolved "https://registry.yarnpkg.com/merge-deep/-/merge-deep-3.0.2.tgz#f39fa100a4f1bd34ff29f7d2bf4508fbb8d83ad2"
  integrity sha512-T7qC8kg4Zoti1cFd8Cr0M+qaZfOwjlPDEdZIIPPB2JZctjaPM4fX+i7HOId69tAti2fvO6X5ldfYUONDODsrkA==
  dependencies:
    arr-union "^3.1.0"
    clone-deep "^0.2.4"
    kind-of "^3.0.2"

mime@^2.0.3:
  version "2.4.4"
  resolved "https://registry.yarnpkg.com/mime/-/mime-2.4.4.tgz#bd7b91135fc6b01cde3e9bae33d659b63d8857e5"
  integrity sha512-LRxmNwziLPT828z+4YkNzloCFC2YM4wrB99k+AV5ZbEyfGNWfG8SO1FUXLmLDBSo89NrJZ4DIWeLjy1CHGhMGA==

minimatch@^3.0.4:
  version "3.0.4"
  resolved "https://registry.yarnpkg.com/minimatch/-/minimatch-3.0.4.tgz#5166e286457f03306064be5497e8dbb0c3d32083"
  integrity sha512-yJHVQEhyqPLUTgt9B83PXu6W3rx4MvvHvSUvToogpwoGDOUQ+yDrR0HRot+yOCdCO7u4hX3pWft6kWBBcqh0UA==
  dependencies:
    brace-expansion "^1.1.7"

minimist@0.0.8:
  version "0.0.8"
  resolved "https://registry.yarnpkg.com/minimist/-/minimist-0.0.8.tgz#857fcabfc3397d2625b8228262e86aa7a011b05d"
  integrity sha1-hX/Kv8M5fSYluCKCYuhqp6ARsF0=

mixin-object@^2.0.1:
  version "2.0.1"
  resolved "https://registry.yarnpkg.com/mixin-object/-/mixin-object-2.0.1.tgz#4fb949441dab182540f1fe035ba60e1947a5e57e"
  integrity sha1-T7lJRB2rGCVA8f4DW6YOGUel5X4=
  dependencies:
    for-in "^0.1.3"
    is-extendable "^0.1.1"

mkdirp@0.5.1:
  version "0.5.1"
  resolved "https://registry.yarnpkg.com/mkdirp/-/mkdirp-0.5.1.tgz#30057438eac6cf7f8c4767f38648d6697d75c903"
  integrity sha1-MAV0OOrGz3+MR2fzhkjWaX11yQM=
  dependencies:
    minimist "0.0.8"

ms@2.0.0:
  version "2.0.0"
  resolved "https://registry.yarnpkg.com/ms/-/ms-2.0.0.tgz#5608aeadfc00be6c2901df5f9861788de0d597c8"
  integrity sha1-VgiurfwAvmwpAd9fmGF4jeDVl8g=

ms@^2.1.1:
  version "2.1.2"
  resolved "https://registry.yarnpkg.com/ms/-/ms-2.1.2.tgz#d09d1f357b443f493382a8eb3ccd183872ae6009"
  integrity sha512-sGkPx+VjMtmA6MX27oA4FBFELFCZZ4S4XqeGOXCv68tT+jb3vk/RyaKWP0PTKyWtmLSM0b+adUTEvbs1PEaH2w==

once@^1.3.0:
  version "1.4.0"
  resolved "https://registry.yarnpkg.com/once/-/once-1.4.0.tgz#583b1aa775961d4b113ac17d9c50baef9dd76bd1"
  integrity sha1-WDsap3WWHUsROsF9nFC6753Xa9E=
  dependencies:
    wrappy "1"

option-t@^22.1.0:
  version "22.1.0"
  resolved "https://registry.yarnpkg.com/option-t/-/option-t-22.1.0.tgz#c87cf9e13282334dfa231c97a42570528132d222"
  integrity sha512-XYD0yK50im3Sah+pgnc7GfPIpby9IfGpzonNfwzORlaw1RS20ezpPIJEKKz6oE7I1L3Btid8EpYsyHMWtgkcGA==

path-is-absolute@^1.0.0:
  version "1.0.1"
  resolved "https://registry.yarnpkg.com/path-is-absolute/-/path-is-absolute-1.0.1.tgz#174b9268735534ffbc7ace6bf53a5a9e1b5c5f5f"
  integrity sha1-F0uSaHNVNP+8es5r9TpanhtcX18=

pend@~1.2.0:
  version "1.2.0"
  resolved "https://registry.yarnpkg.com/pend/-/pend-1.2.0.tgz#7a57eb550a6783f9115331fcf4663d5c8e007a50"
  integrity sha1-elfrVQpng/kRUzH89GY9XI4AelA=

pify@^4.0.0:
  version "4.0.1"
  resolved "https://registry.yarnpkg.com/pify/-/pify-4.0.1.tgz#4b2cd25c50d598735c50292224fd8c6df41e3231"
  integrity sha512-uB80kBFb/tfd68bVleG9T5GGsGPjJrLAUpR5PZIrhBnIaRTQRjqdJSsIKkOP6OAIFbj7GOrcudc5pNjZ+geV2g==

process-nextick-args@~2.0.0:
  version "2.0.1"
  resolved "https://registry.yarnpkg.com/process-nextick-args/-/process-nextick-args-2.0.1.tgz#7820d9b16120cc55ca9ae7792680ae7dba6d7fe2"
  integrity sha512-3ouUOpQhtgrbOa17J7+uxOTpITYWaGP7/AhoR3+A+/1e9skrzelGi/dXzEYyvbxubEF6Wn2ypscTKiKJFFn1ag==

progress@^2.0.1:
  version "2.0.3"
  resolved "https://registry.yarnpkg.com/progress/-/progress-2.0.3.tgz#7e8cf8d8f5b8f239c1bc68beb4eb78567d572ef8"
  integrity sha512-7PiHtLll5LdnKIMw100I+8xJXR5gW2QwWYkT6iJva0bXitZKa/XMrSbdmg3r2Xnaidz9Qumd0VPaMrZlF9V9sA==

proxy-from-env@^1.0.0:
  version "1.0.0"
  resolved "https://registry.yarnpkg.com/proxy-from-env/-/proxy-from-env-1.0.0.tgz#33c50398f70ea7eb96d21f7b817630a55791c7ee"
  integrity sha1-M8UDmPcOp+uW0h97gXYwpVeRx+4=

psl@^1.1.28:
  version "1.6.0"
  resolved "https://registry.yarnpkg.com/psl/-/psl-1.6.0.tgz#60557582ee23b6c43719d9890fb4170ecd91e110"
  integrity sha512-SYKKmVel98NCOYXpkwUqZqh0ahZeeKfmisiLIcEZdsb+WbLv02g/dI5BUmZnIyOe7RzZtLax81nnb2HbvC2tzA==

punycode@^2.1.1:
  version "2.1.1"
  resolved "https://registry.yarnpkg.com/punycode/-/punycode-2.1.1.tgz#b58b010ac40c22c5657616c8d2c2c02c7bf479ec"
  integrity sha512-XRsRjdf+j5ml+y/6GKHPZbrF/8p2Yga0JPtdqTIY2Xe5ohJPD9saDJJLPvp9+NSBprVvevdXZybnj2cv8OEd0A==

puppeteer-core@^2.0.0:
  version "2.0.0"
  resolved "https://registry.yarnpkg.com/puppeteer-core/-/puppeteer-core-2.0.0.tgz#2c3b122dec539ff01e6dfc29ee3e6f3a6280330d"
  integrity sha512-xgg8hLm7VIiwoYRZtgXNy0gf9IKCA/WyT5Rm5RqkDc7mm4bJMeESmzP+YWyl+X/c1CSOuCy4WWnnC+9T+DKgCQ==
  dependencies:
    debug "^4.1.0"
    extract-zip "^1.6.6"
    https-proxy-agent "^3.0.0"
    mime "^2.0.3"
    progress "^2.0.1"
    proxy-from-env "^1.0.0"
    rimraf "^2.6.1"
    ws "^6.1.0"

puppeteer-extra-plugin-anonymize-ua@^2.2.6:
  version "2.2.6"
  resolved "https://registry.yarnpkg.com/puppeteer-extra-plugin-anonymize-ua/-/puppeteer-extra-plugin-anonymize-ua-2.2.6.tgz#e9edab73c274cef87a0c317bcc64f5afd51386f2"
  integrity sha512-Ja5TjXLC+FxJNBzCkBSVVixGEuO3B6kZGpnse1+VpgAcCMcRSw82AD1k3e5a+YndZloGEQBU/kiVlaWAjTXMbw==
  dependencies:
    debug "^4.1.1"
    puppeteer-extra-plugin "^3.1.2"

puppeteer-extra-plugin-stealth@^2.4.5:
  version "2.4.5"
  resolved "https://registry.yarnpkg.com/puppeteer-extra-plugin-stealth/-/puppeteer-extra-plugin-stealth-2.4.5.tgz#5d45eb87228b0e6aa09808d80e68ef3f42820d69"
  integrity sha512-RUr9tvyvKOqH/yJ4tjcywbnkQbE99AhFD7uYKLO4YG0FIGNdaDdRrpiL2bgHo/bvIJDpfZwlO8YnhfmLnq6RNA==
  dependencies:
    debug "^4.1.1"
    puppeteer-extra-plugin "^3.1.2"
    puppeteer-extra-plugin-anonymize-ua "^2.2.6"

puppeteer-extra-plugin@^3.1.2:
  version "3.1.2"
  resolved "https://registry.yarnpkg.com/puppeteer-extra-plugin/-/puppeteer-extra-plugin-3.1.2.tgz#c5d2cbaa991926f145bf5f7b12757b4ced41daac"
  integrity sha512-6hrqz8JqTjgEqIqSSt/PFoUncjQ00uYpWBYmAnz4iZvlMcnXE4doZIwIfDGQLdMgXPfR27VRucg59U/rd1i8Sw==
  dependencies:
    "@types/debug" "^4.1.0"
    debug "^4.1.1"
    merge-deep "^3.0.1"

puppeteer-extra@^3.1.7:
  version "3.1.7"
  resolved "https://registry.yarnpkg.com/puppeteer-extra/-/puppeteer-extra-3.1.7.tgz#623153bee638fc414ca0072ea12c82172cc50e5d"
  integrity sha512-c4lyW+k1MW0esrMZmFCfvPZiL/fyM1aG8GAvfI7200PyN7TekVsJwDnyONxgZlVH0dZY46HeKLiZpC4eBP5fFg==
  dependencies:
    "@types/debug" "^4.1.0"
    "@types/puppeteer" "^2.0.0"
    debug "^4.1.1"
    deepmerge "^4.2.2"

readable-stream@^2.2.2:
  version "2.3.6"
  resolved "https://registry.yarnpkg.com/readable-stream/-/readable-stream-2.3.6.tgz#b11c27d88b8ff1fbe070643cf94b0c79ae1b0aaf"
  integrity sha512-tQtKA9WIAhBF3+VLAseyMqZeBjW0AHJoxOtYqSUZNJxauErmLbVm2FW1y+J/YA9dUrAC39ITejlZWhVIwawkKw==
  dependencies:
    core-util-is "~1.0.0"
    inherits "~2.0.3"
    isarray "~1.0.0"
    process-nextick-args "~2.0.0"
    safe-buffer "~5.1.1"
    string_decoder "~1.1.1"
    util-deprecate "~1.0.1"

rimraf@^2.6.1:
  version "2.7.1"
  resolved "https://registry.yarnpkg.com/rimraf/-/rimraf-2.7.1.tgz#35797f13a7fdadc566142c29d4f07ccad483e3ec"
  integrity sha512-uWjbaKIK3T1OSVptzX7Nl6PvQ3qAGtKEtVRjRuazjfL3Bx5eI409VZSqgND+4UNnmzLVdPj9FqFJNPqBZFve4w==
  dependencies:
    glob "^7.1.3"

rimraf@^3.0.0:
  version "3.0.0"
  resolved "https://registry.yarnpkg.com/rimraf/-/rimraf-3.0.0.tgz#614176d4b3010b75e5c390eb0ee96f6dc0cebb9b"
  integrity sha512-NDGVxTsjqfunkds7CqsOiEnxln4Bo7Nddl3XhS4pXg5OzwkLqJ971ZVAAnB+DDLnF76N+VnDEiBHaVV8I06SUg==
  dependencies:
    glob "^7.1.3"

safe-buffer@~5.1.0, safe-buffer@~5.1.1:
  version "5.1.2"
  resolved "https://registry.yarnpkg.com/safe-buffer/-/safe-buffer-5.1.2.tgz#991ec69d296e0313747d59bdfd2b745c35f8828d"
  integrity sha512-Gd2UZBJDkXlY7GbJxfsE8/nvKkUEU1G38c1siN6QP6a9PT9MmHB8GnpscSmMJSoF8LOIrt8ud/wPtojys4G6+g==

shallow-clone@^0.1.2:
  version "0.1.2"
  resolved "https://registry.yarnpkg.com/shallow-clone/-/shallow-clone-0.1.2.tgz#5909e874ba77106d73ac414cfec1ffca87d97060"
  integrity sha1-WQnodLp3EG1zrEFM/sH/yofZcGA=
  dependencies:
    is-extendable "^0.1.1"
    kind-of "^2.0.1"
    lazy-cache "^0.2.3"
    mixin-object "^2.0.1"

string_decoder@~1.1.1:
  version "1.1.1"
  resolved "https://registry.yarnpkg.com/string_decoder/-/string_decoder-1.1.1.tgz#9cf1611ba62685d7030ae9e4ba34149c3af03fc8"
  integrity sha512-n/ShnvDi6FHbbVfviro+WojiFzv+s8MPMHBczVePfUpDJLwoLT0ht1l4YwBCbi8pJAveEEdnkHyPyTP/mzRfwg==
  dependencies:
    safe-buffer "~5.1.0"

tough-cookie@^3.0.1:
  version "3.0.1"
  resolved "https://registry.yarnpkg.com/tough-cookie/-/tough-cookie-3.0.1.tgz#9df4f57e739c26930a018184887f4adb7dca73b2"
  integrity sha512-yQyJ0u4pZsv9D4clxO69OEjLWYw+jbgspjTue4lTQZLfV0c5l1VmK2y1JK8E9ahdpltPOaAThPcp5nKPUgSnsg==
  dependencies:
    ip-regex "^2.1.0"
    psl "^1.1.28"
    punycode "^2.1.1"

typedarray@^0.0.6:
  version "0.0.6"
  resolved "https://registry.yarnpkg.com/typedarray/-/typedarray-0.0.6.tgz#867ac74e3864187b1d3d47d996a78ec5c8830777"
  integrity sha1-hnrHTjhkGHsdPUfZlqeOxciDB3c=

typescript@^3.7.4:
  version "3.7.4"
  resolved "https://registry.yarnpkg.com/typescript/-/typescript-3.7.4.tgz#1743a5ec5fef6a1fa9f3e4708e33c81c73876c19"
  integrity sha512-A25xv5XCtarLwXpcDNZzCGvW2D1S3/bACratYBx2sax8PefsFhlYmkQicKHvpYflFS8if4zne5zT5kpJ7pzuvw==

util-deprecate@~1.0.1:
  version "1.0.2"
  resolved "https://registry.yarnpkg.com/util-deprecate/-/util-deprecate-1.0.2.tgz#450d4dc9fa70de732762fbd2d4a28981419a0ccf"
  integrity sha1-RQ1Nyfpw3nMnYvvS1KKJgUGaDM8=

which@^2.0.2:
  version "2.0.2"
  resolved "https://registry.yarnpkg.com/which/-/which-2.0.2.tgz#7c6a8dd0a636a0327e10b59c9286eee93f3f51b1"
  integrity sha512-BLI3Tl1TW3Pvl70l3yq3Y64i+awpwXqsGBYWkkqMtnbXgrMD+yj7rhW0kuEDxzJaYXGjEW5ogapKNMEKNMjibA==
  dependencies:
    isexe "^2.0.0"

wrappy@1:
  version "1.0.2"
  resolved "https://registry.yarnpkg.com/wrappy/-/wrappy-1.0.2.tgz#b5243d8f3ec1aa35f1364605bc0d1036e30ab69f"
  integrity sha1-tSQ9jz7BqjXxNkYFvA0QNuMKtp8=

ws@^6.1.0:
  version "6.2.1"
  resolved "https://registry.yarnpkg.com/ws/-/ws-6.2.1.tgz#442fdf0a47ed64f59b6a5d8ff130f4748ed524fb"
  integrity sha512-GIyAXC2cB7LjvpgMt9EKS2ldqr0MTrORaleiOno6TweZ6r3TKtoFQWay/2PceJ3RuBasOHzXNn5Lrw1X0bEjqA==
  dependencies:
    async-limiter "~1.0.0"

yauzl@2.4.1:
  version "2.4.1"
  resolved "https://registry.yarnpkg.com/yauzl/-/yauzl-2.4.1.tgz#9528f442dab1b2284e58b4379bb194e22e0c4005"
  integrity sha1-lSj0QtqxsihOWLQ3m7GU4i4MQAU=
  dependencies:
    fd-slicer "~1.0.1"
